
Microsoft Visual Studio Solution File, Format Version 12.00
# Visual Studio Version 16
VisualStudioVersion = 16.0.30907.101
MinimumVisualStudioVersion = 10.0.40219.1
Project("{FAE04EC0-301F-11D3-BF4B-00C04F79EFBC}") = "MMTShopClient", "MMTShopClient\MMTShopClient.csproj", "{65C321F5-6232-4E2D-A6BA-79DB47C202F7}"
EndProject
Global
	GlobalSection(SolutionConfigurationPlatforms) = preSolution
		Debug|Any CPU = Debug|Any CPU
		Release|Any CPU = Release|Any CPU
	EndGlobalSection
	GlobalSection(ProjectConfigurationPlatforms) = postSolution
		{65C321F5-6232-4E2D-A6BA-79DB47C202F7}.Debug|Any CPU.ActiveCfg = Debug|Any CPU
		{65C321F5-6232-4E2D-A6BA-79DB47C202F7}.Debug|Any CPU.Build.0 = Debug|Any CPU
		{65C321F5-6232-4E2D-A6BA-79DB47C202F7}.Release|Any CPU.ActiveCfg = Release|Any CPU
		{65C321F5-6232-4E2D-A6BA-79DB47C202F7}.Release|Any CPU.Build.0 = Release|Any CPU
	EndGlobalSection
	GlobalSection(SolutionProperties) = preSolution
		HideSolutionNode = FALSE
	EndGlobalSection
	GlobalSection(ExtensibilityGlobals) = postSolution
		SolutionGuid = {1C58F6AF-D8EA-4EE8-86E4-8203A5D8C806}
	EndGlobalSection
EndGlobal
